
Microsoft Visual Studio Solution File, Format Version 12.00
# Visual Studio Version 17
VisualStudioVersion = 17.1.32328.378
MinimumVisualStudioVersion = 10.0.40219.1
Project("{FAE04EC0-301F-11D3-BF4B-00C04F79EFBC}") = "TheFipster.Aviation.FlightCli", "TheFipster.Aviation.FlightCli\TheFipster.Aviation.FlightCli.csproj", "{E8337EB7-7138-48DA-8B1B-D026DE1235CF}"
EndProject
Project("{FAE04EC0-301F-11D3-BF4B-00C04F79EFBC}") = "TheFipster.Aviation.Domain", "TheFipster.Aviation.Domain\TheFipster.Aviation.Domain.csproj", "{72DA9F21-DD21-4767-B706-AF01A67A107C}"
EndProject
Project("{9A19103F-16F7-4668-BE54-9A1E7A4F7556}") = "TheFipster.Aviation.Modules.BlackBox", "TheFipster.Aviation.Modules.BlackBox\TheFipster.Aviation.Modules.BlackBox.csproj", "{A6F285C3-B2C1-478C-824A-618D4CAC2DE4}"
EndProject
Project("{FAE04EC0-301F-11D3-BF4B-00C04F79EFBC}") = "TheFipster.Aviation.Modules.SimToolkitPro", "TheFipster.Aviation.Modules.SimToolkitPro\TheFipster.Aviation.Modules.SimToolkitPro.csproj", "{4CF022E5-4136-4AB5-BAB8-1B2E0346EA57}"
EndProject
Global
	GlobalSection(SolutionConfigurationPlatforms) = preSolution
		Debug|Any CPU = Debug|Any CPU
		Release|Any CPU = Release|Any CPU
	EndGlobalSection
	GlobalSection(ProjectConfigurationPlatforms) = postSolution
		{E8337EB7-7138-48DA-8B1B-D026DE1235CF}.Debug|Any CPU.ActiveCfg = Debug|Any CPU
		{E8337EB7-7138-48DA-8B1B-D026DE1235CF}.Debug|Any CPU.Build.0 = Debug|Any CPU
		{E8337EB7-7138-48DA-8B1B-D026DE1235CF}.Release|Any CPU.ActiveCfg = Release|Any CPU
		{E8337EB7-7138-48DA-8B1B-D026DE1235CF}.Release|Any CPU.Build.0 = Release|Any CPU
		{72DA9F21-DD21-4767-B706-AF01A67A107C}.Debug|Any CPU.ActiveCfg = Debug|Any CPU
		{72DA9F21-DD21-4767-B706-AF01A67A107C}.Debug|Any CPU.Build.0 = Debug|Any CPU
		{72DA9F21-DD21-4767-B706-AF01A67A107C}.Release|Any CPU.ActiveCfg = Release|Any CPU
		{72DA9F21-DD21-4767-B706-AF01A67A107C}.Release|Any CPU.Build.0 = Release|Any CPU
		{A6F285C3-B2C1-478C-824A-618D4CAC2DE4}.Debug|Any CPU.ActiveCfg = Debug|Any CPU
		{A6F285C3-B2C1-478C-824A-618D4CAC2DE4}.Debug|Any CPU.Build.0 = Debug|Any CPU
		{A6F285C3-B2C1-478C-824A-618D4CAC2DE4}.Release|Any CPU.ActiveCfg = Release|Any CPU
		{A6F285C3-B2C1-478C-824A-618D4CAC2DE4}.Release|Any CPU.Build.0 = Release|Any CPU
		{4CF022E5-4136-4AB5-BAB8-1B2E0346EA57}.Debug|Any CPU.ActiveCfg = Debug|Any CPU
		{4CF022E5-4136-4AB5-BAB8-1B2E0346EA57}.Debug|Any CPU.Build.0 = Debug|Any CPU
		{4CF022E5-4136-4AB5-BAB8-1B2E0346EA57}.Release|Any CPU.ActiveCfg = Release|Any CPU
		{4CF022E5-4136-4AB5-BAB8-1B2E0346EA57}.Release|Any CPU.Build.0 = Release|Any CPU
	EndGlobalSection
	GlobalSection(SolutionProperties) = preSolution
		HideSolutionNode = FALSE
	EndGlobalSection
	GlobalSection(ExtensibilityGlobals) = postSolution
		SolutionGuid = {AD8F5506-AE4F-4710-856C-F25F1BB25E3F}
	EndGlobalSection
EndGlobal
